PODS:
  - Alamofire (4.6.0)
  - CryptoSwift (0.7.0)
  - IngenicoConnectKit (2.0.0):
    - Alamofire (~> 4.2)
    - CryptoSwift (= 0.7.0)
  - SVProgressHUD (2.2.2)

DEPENDENCIES:
  - Alamofire
  - CryptoSwift
  - IngenicoConnectKit
  - SVProgressHUD

EXTERNAL SOURCES:
  IngenicoConnectKit:
    :path: ../globalcollect-sdk-client-swift-old

SPEC CHECKSUMS:
  Alamofire: f41a599bd63041760b26d393ec1069d9d7b917f4
  CryptoSwift: e197577cc40d551110480a64c73f31dbff1d8e74
  IngenicoConnectKit: 1b443f6ebe5bf9ce2316a81523ff02221b3660f9
  SVProgressHUD: 59b2d3dabacbd051576d21d32293ca7228dc18b0

PODFILE CHECKSUM: a6301395eb41ef4b43a7fa798e90f230c6a6d195

COCOAPODS: 1.3.1
