PODS:
  - Alamofire (4.9.1)
  - CryptoSwift (1.0.0)
  - IngenicoConnectKit (5.0.0):
    - Alamofire (~> 4.8)
    - CryptoSwift (= 1.0.0)
  - SVProgressHUD (2.2.5)

DEPENDENCIES:
  - Alamofire
  - CryptoSwift
  - IngenicoConnectKit
  - SVProgressHUD

SPEC REPOS:
  trunk:
    - Alamofire
    - CryptoSwift
    - IngenicoConnectKit
    - SVProgressHUD

SPEC CHECKSUMS:
  Alamofire: 85e8a02c69d6020a0d734f6054870d7ecb75cf18
  CryptoSwift: d81eeaa59dc5a8d03720fe919a6fd07b51f7439f
  IngenicoConnectKit: 1b879cf65275bbe293a65925916b2f11571f6296
  SVProgressHUD: 1428aafac632c1f86f62aa4243ec12008d7a51d6

PODFILE CHECKSUM: cd92ad9a02524447f9be705e37b46baa3f172de1

COCOAPODS: 1.10.0
