PODS:
  - Alamofire (4.9.1)
  - CryptoSwift (1.0.0)
  - IngenicoConnectKit (4.4.2):
    - Alamofire (~> 4.8)
    - CryptoSwift (= 1.0.0)
  - SVProgressHUD (2.2.5)

DEPENDENCIES:
  - Alamofire
  - CryptoSwift
  - IngenicoConnectKit
  - SVProgressHUD

SPEC REPOS:
  trunk:
    - Alamofire
    - CryptoSwift
    - IngenicoConnectKit
    - SVProgressHUD

SPEC CHECKSUMS:
  Alamofire: 85e8a02c69d6020a0d734f6054870d7ecb75cf18
  CryptoSwift: d81eeaa59dc5a8d03720fe919a6fd07b51f7439f
  IngenicoConnectKit: d7880a199aed02fa9c03d207b27ecfc5a9f0c67e
  SVProgressHUD: 1428aafac632c1f86f62aa4243ec12008d7a51d6

PODFILE CHECKSUM: 17b4abbebe0e27f54ddb7e6e98051d491fe8299a

COCOAPODS: 1.10.1
