// !$*UTF8*$!
{
	archiveVersion = 1;
	classes = {
	};
	objectVersion = 46;
	objects = {

/* Begin PBXBuildFile section */
		42974C791DC8A56300B91814 /* PassKit.framework in Frameworks */ = {isa = PBXBuildFile; fileRef = 42974C781DC8A56300B91814 /* PassKit.framework */; };
		6D3914C51E20F3C9007C8400 /* FormRowsConverter.swift in Sources */ = {isa = PBXBuildFile; fileRef = 6D3914C41E20F3C9007C8400 /* FormRowsConverter.swift */; };
		6D7E21671E1BF53B007BA84B /* AppConstants.swift in Sources */ = {isa = PBXBuildFile; fileRef = 6D7E21661E1BF53B007BA84B /* AppConstants.swift */; };
		6D7E21691E1BF6F1007BA84B /* PaymentProductsTableRow.swift in Sources */ = {isa = PBXBuildFile; fileRef = 6D7E21681E1BF6F1007BA84B /* PaymentProductsTableRow.swift */; };
		6D7E216B1E1BF7DC007BA84B /* PaymentType.swift in Sources */ = {isa = PBXBuildFile; fileRef = 6D7E216A1E1BF7DC007BA84B /* PaymentType.swift */; };
		6D7E216F1E1BF85E007BA84B /* PaymentProductsTableSection.swift in Sources */ = {isa = PBXBuildFile; fileRef = 6D7E216E1E1BF85E007BA84B /* PaymentProductsTableSection.swift */; };
		6D7E21711E1BF8CF007BA84B /* FormRow.swift in Sources */ = {isa = PBXBuildFile; fileRef = 6D7E21701E1BF8CF007BA84B /* FormRow.swift */; };
		6D7E21731E1BF939007BA84B /* FormRowWithInfoButton.swift in Sources */ = {isa = PBXBuildFile; fileRef = 6D7E21721E1BF939007BA84B /* FormRowWithInfoButton.swift */; };
		6D7E21751E1BF9AE007BA84B /* Label.swift in Sources */ = {isa = PBXBuildFile; fileRef = 6D7E21741E1BF9AE007BA84B /* Label.swift */; };
		6D9A63841E1BFC8A001799FE /* FormRowLabel.swift in Sources */ = {isa = PBXBuildFile; fileRef = 6D9A63831E1BFC8A001799FE /* FormRowLabel.swift */; };
		6D9A63861E1BFD39001799FE /* PickerView.swift in Sources */ = {isa = PBXBuildFile; fileRef = 6D9A63851E1BFD39001799FE /* PickerView.swift */; };
		6D9A63881E1BFD99001799FE /* FormRowList.swift in Sources */ = {isa = PBXBuildFile; fileRef = 6D9A63871E1BFD99001799FE /* FormRowList.swift */; };
		6D9A638A1E1BFE08001799FE /* Switch.swift in Sources */ = {isa = PBXBuildFile; fileRef = 6D9A63891E1BFE08001799FE /* Switch.swift */; };
		6D9A638C1E1BFE56001799FE /* FormRowSwitch.swift in Sources */ = {isa = PBXBuildFile; fileRef = 6D9A638B1E1BFE56001799FE /* FormRowSwitch.swift */; };
		6D9A638E1E1BFE99001799FE /* MerchantLogoImageView.swift in Sources */ = {isa = PBXBuildFile; fileRef = 6D9A638D1E1BFE99001799FE /* MerchantLogoImageView.swift */; };
		6D9A63901E1BFF5D001799FE /* SummaryTableHeaderView.swift in Sources */ = {isa = PBXBuildFile; fileRef = 6D9A638F1E1BFF5D001799FE /* SummaryTableHeaderView.swift */; };
		6D9A63921E1C044C001799FE /* TextField.swift in Sources */ = {isa = PBXBuildFile; fileRef = 6D9A63911E1C044C001799FE /* TextField.swift */; };
		6D9A63941E1C0563001799FE /* IntegerTextField.swift in Sources */ = {isa = PBXBuildFile; fileRef = 6D9A63931E1C0563001799FE /* IntegerTextField.swift */; };
		6D9A63961E1C0647001799FE /* FractionalTextField.swift in Sources */ = {isa = PBXBuildFile; fileRef = 6D9A63951E1C0647001799FE /* FractionalTextField.swift */; };
		6D9A63981E1C0BE2001799FE /* FormRowTextField.swift in Sources */ = {isa = PBXBuildFile; fileRef = 6D9A63971E1C0BE2001799FE /* FormRowTextField.swift */; };
		6D9A63AA1E1C0E3A001799FE /* FormRowCurrency.swift in Sources */ = {isa = PBXBuildFile; fileRef = 6D9A63A91E1C0E3A001799FE /* FormRowCurrency.swift */; };
		6D9A63AC1E1C0E8A001799FE /* FormRowButton.swift in Sources */ = {isa = PBXBuildFile; fileRef = 6D9A63AB1E1C0E8A001799FE /* FormRowButton.swift */; };
		6D9A63AE1E1C0EC7001799FE /* FormRowErrorMessage.swift in Sources */ = {isa = PBXBuildFile; fileRef = 6D9A63AD1E1C0EC7001799FE /* FormRowErrorMessage.swift */; };
		6D9A63B01E1C0EF2001799FE /* FormRowTooltip.swift in Sources */ = {isa = PBXBuildFile; fileRef = 6D9A63AF1E1C0EF2001799FE /* FormRowTooltip.swift */; };
		6D9A63B21E1C0FAF001799FE /* FormRowCoBrandsSelection.swift in Sources */ = {isa = PBXBuildFile; fileRef = 6D9A63B11E1C0FAF001799FE /* FormRowCoBrandsSelection.swift */; };
		6D9A63B41E1C0FD8001799FE /* FormRowCoBrandsExplanation.swift in Sources */ = {isa = PBXBuildFile; fileRef = 6D9A63B31E1C0FD8001799FE /* FormRowCoBrandsExplanation.swift */; };
		6DEAB9651E2798E800C36908 /* EndViewController.swift in Sources */ = {isa = PBXBuildFile; fileRef = 6DEAB9641E2798E800C36908 /* EndViewController.swift */; };
		6DF724691E1CF47100D6BA15 /* TableViewCell.swift in Sources */ = {isa = PBXBuildFile; fileRef = 6DF724681E1CF47100D6BA15 /* TableViewCell.swift */; };
		6DF7246B1E1CF80500D6BA15 /* TooltipTableViewCell.swift in Sources */ = {isa = PBXBuildFile; fileRef = 6DF7246A1E1CF80500D6BA15 /* TooltipTableViewCell.swift */; };
		6DF7246D1E1CF95000D6BA15 /* PaymentProductTableViewCell.swift in Sources */ = {isa = PBXBuildFile; fileRef = 6DF7246C1E1CF95000D6BA15 /* PaymentProductTableViewCell.swift */; };
		6DF7246F1E1CFBC800D6BA15 /* PickerViewTableViewCell.swift in Sources */ = {isa = PBXBuildFile; fileRef = 6DF7246E1E1CFBC800D6BA15 /* PickerViewTableViewCell.swift */; };
		6DF724711E1CFCB900D6BA15 /* SwitchTableViewCell.swift in Sources */ = {isa = PBXBuildFile; fileRef = 6DF724701E1CFCB900D6BA15 /* SwitchTableViewCell.swift */; };
		6DF724731E1D002200D6BA15 /* TextFieldTableViewCell.swift in Sources */ = {isa = PBXBuildFile; fileRef = 6DF724721E1D002200D6BA15 /* TextFieldTableViewCell.swift */; };
		6DF724751E1D00F200D6BA15 /* ButtonTableViewCell.swift in Sources */ = {isa = PBXBuildFile; fileRef = 6DF724741E1D00F200D6BA15 /* ButtonTableViewCell.swift */; };
		6DF724771E1D02E700D6BA15 /* ErrorMessageTableViewCell.swift in Sources */ = {isa = PBXBuildFile; fileRef = 6DF724761E1D02E700D6BA15 /* ErrorMessageTableViewCell.swift */; };
		6DF724791E1D03A600D6BA15 /* LabelTableViewCell.swift in Sources */ = {isa = PBXBuildFile; fileRef = 6DF724781E1D03A600D6BA15 /* LabelTableViewCell.swift */; };
		6DF7247B1E1D056400D6BA15 /* CurrencyTableViewCell.swift in Sources */ = {isa = PBXBuildFile; fileRef = 6DF7247A1E1D056400D6BA15 /* CurrencyTableViewCell.swift */; };
		6DF7247D1E1D076700D6BA15 /* CoBrandsSelectionTableViewCell.swift in Sources */ = {isa = PBXBuildFile; fileRef = 6DF7247C1E1D076700D6BA15 /* CoBrandsSelectionTableViewCell.swift */; };
		6DF7247F1E1D0A3700D6BA15 /* COBrandsExplanationTableViewCell.swift in Sources */ = {isa = PBXBuildFile; fileRef = 6DF7247E1E1D0A3700D6BA15 /* COBrandsExplanationTableViewCell.swift */; };
		6DF724851E1D0D7700D6BA15 /* PaymentProductInputData.swift in Sources */ = {isa = PBXBuildFile; fileRef = 6DF724841E1D0D7700D6BA15 /* PaymentProductInputData.swift */; };
		6DF724891E1D2A2A00D6BA15 /* PaymentProductSelectionTarget.swift in Sources */ = {isa = PBXBuildFile; fileRef = 6DF724881E1D2A2A00D6BA15 /* PaymentProductSelectionTarget.swift */; };
		6DF7248B1E1D2E4500D6BA15 /* PaymentRequestTarget.swift in Sources */ = {isa = PBXBuildFile; fileRef = 6DF7248A1E1D2E4500D6BA15 /* PaymentRequestTarget.swift */; };
		6DF7248F1E1D2E8900D6BA15 /* ContinueShoppingTarget.swift in Sources */ = {isa = PBXBuildFile; fileRef = 6DF7248E1E1D2E8900D6BA15 /* ContinueShoppingTarget.swift */; };
		6DF724911E1D2EAA00D6BA15 /* PaymentFinishedTarget.swift in Sources */ = {isa = PBXBuildFile; fileRef = 6DF724901E1D2EAA00D6BA15 /* PaymentFinishedTarget.swift */; };
		7240260E262ECD5300AC8673 /* StartPaymentParsedJsonData.swift in Sources */ = {isa = PBXBuildFile; fileRef = 7240260D262ECD5300AC8673 /* StartPaymentParsedJsonData.swift */; };
		7240261A262ED3B900AC8673 /* JsonDialogViewController.swift in Sources */ = {isa = PBXBuildFile; fileRef = 72402619262ED3B800AC8673 /* JsonDialogViewController.swift */; };
		732012E51EF2805700A736A5 /* FormRowImage.swift in Sources */ = {isa = PBXBuildFile; fileRef = 732012E41EF2805700A736A5 /* FormRowImage.swift */; };
		732012E71EF2806F00A736A5 /* FormRowQRCode.swift in Sources */ = {isa = PBXBuildFile; fileRef = 732012E61EF2806F00A736A5 /* FormRowQRCode.swift */; };
		732012E91EF285F300A736A5 /* ImageTableViewCell.swift in Sources */ = {isa = PBXBuildFile; fileRef = 732012E81EF285F300A736A5 /* ImageTableViewCell.swift */; };
		735209F31EE9437E009DC21F /* BancontactProductViewController.swift in Sources */ = {isa = PBXBuildFile; fileRef = 735209F21EE9437E009DC21F /* BancontactProductViewController.swift */; };
		7375BBB41F161F5200AFB547 /* DetailedPickerViewTableViewCell.swift in Sources */ = {isa = PBXBuildFile; fileRef = 7375BBB31F161F5200AFB547 /* DetailedPickerViewTableViewCell.swift */; };
		739878A31F17529600A2B7A6 /* FormRowReadonlyReview.swift in Sources */ = {isa = PBXBuildFile; fileRef = 739878A21F17529600A2B7A6 /* FormRowReadonlyReview.swift */; };
		739878A51F175A4400A2B7A6 /* ReadonlyReviewTableViewCell.swift in Sources */ = {isa = PBXBuildFile; fileRef = 739878A41F175A4400A2B7A6 /* ReadonlyReviewTableViewCell.swift */; };
		73B656D41F0F83BD00BBAF8D /* ArvatoProductViewController.swift in Sources */ = {isa = PBXBuildFile; fileRef = 73B656D31F0F83BD00BBAF8D /* ArvatoProductViewController.swift */; };
		73B656D61F0FB44A00BBAF8D /* FormRowSmallLogo.swift in Sources */ = {isa = PBXBuildFile; fileRef = 73B656D51F0FB44A00BBAF8D /* FormRowSmallLogo.swift */; };
		73B656D81F0FB6B700BBAF8D /* LogoTableViewCell.swift in Sources */ = {isa = PBXBuildFile; fileRef = 73B656D71F0FB6B700BBAF8D /* LogoTableViewCell.swift */; };
		73E9AB941F9DC7DB00AC1893 /* FormRowDate.swift in Sources */ = {isa = PBXBuildFile; fileRef = 73E9AB931F9DC7DB00AC1893 /* FormRowDate.swift */; };
		73E9AB961F9DC80000AC1893 /* DatePickerTableViewCell.swift in Sources */ = {isa = PBXBuildFile; fileRef = 73E9AB951F9DC80000AC1893 /* DatePickerTableViewCell.swift */; };
		73E9DC1B1EFBB0BC00969D43 /* ExternalAppStatusViewController.swift in Sources */ = {isa = PBXBuildFile; fileRef = 73E9DC1A1EFBB0BC00969D43 /* ExternalAppStatusViewController.swift */; };
		73E9DC1E1EFBB87600969D43 /* CheckMarkView.swift in Sources */ = {isa = PBXBuildFile; fileRef = 73E9DC1D1EFBB87600969D43 /* CheckMarkView.swift */; };
		73E9DC201EFBC01000969D43 /* StatusView.swift in Sources */ = {isa = PBXBuildFile; fileRef = 73E9DC1F1EFBC01000969D43 /* StatusView.swift */; };
		746163FB252DE76700F733E0 /* ValidationErrorExtension.swift in Sources */ = {isa = PBXBuildFile; fileRef = 746163FA252DE76700F733E0 /* ValidationErrorExtension.swift */; };
		7B3E9DA8299CD450003C1C22 /* FormRowWithProductField.swift in Sources */ = {isa = PBXBuildFile; fileRef = 7B3E9DA7299CD450003C1C22 /* FormRowWithProductField.swift */; };
		7B3E9DAC299CDCB7003C1C22 /* FormRowWithInfoButtonProductField.swift in Sources */ = {isa = PBXBuildFile; fileRef = 7B3E9DAB299CDCB7003C1C22 /* FormRowWithInfoButtonProductField.swift */; };
		81BCAD281F06B38B000B0BCF /* SeparatorView.swift in Sources */ = {isa = PBXBuildFile; fileRef = 81BCAD271F06B38B000B0BCF /* SeparatorView.swift */; };
		81BCAD2A1F06B40C000B0BCF /* FormRowSeparator.swift in Sources */ = {isa = PBXBuildFile; fileRef = 81BCAD291F06B40C000B0BCF /* FormRowSeparator.swift */; };
		81BCAD2C1F06BBB8000B0BCF /* SeparatorTableViewCell.swift in Sources */ = {isa = PBXBuildFile; fileRef = 81BCAD2B1F06BBB8000B0BCF /* SeparatorTableViewCell.swift */; };
		A351DCB3196296000033E23C /* Foundation.framework in Frameworks */ = {isa = PBXBuildFile; fileRef = A351DCB2196296000033E23C /* Foundation.framework */; };
		A351DCB5196296000033E23C /* CoreGraphics.framework in Frameworks */ = {isa = PBXBuildFile; fileRef = A351DCB4196296000033E23C /* CoreGraphics.framework */; };
		A351DCB7196296000033E23C /* UIKit.framework in Frameworks */ = {isa = PBXBuildFile; fileRef = A351DCB6196296000033E23C /* UIKit.framework */; };
		A351DCC5196296000033E23C /* Images.xcassets in Resources */ = {isa = PBXBuildFile; fileRef = A351DCC4196296000033E23C /* Images.xcassets */; };
		A363FC591AA70C8200186592 /* AppLocalizable.strings in Resources */ = {isa = PBXBuildFile; fileRef = A363FC261AA704DF00186592 /* AppLocalizable.strings */; };
		B4DC6A011E1E5A4800D9A8BA /* AppDelegate.swift in Sources */ = {isa = PBXBuildFile; fileRef = B4DC6A001E1E5A4800D9A8BA /* AppDelegate.swift */; };
		B4DC6A091E1E6E1500D9A8BA /* PaymentProductsViewController.swift in Sources */ = {isa = PBXBuildFile; fileRef = B4DC6A061E1E6E1500D9A8BA /* PaymentProductsViewController.swift */; };
		B4DC6A0A1E1E6E1600D9A8BA /* PaymentProductViewController.swift in Sources */ = {isa = PBXBuildFile; fileRef = B4DC6A071E1E6E1500D9A8BA /* PaymentProductViewController.swift */; };
		B4DC6A0B1E1E6E1600D9A8BA /* StartViewController.swift in Sources */ = {isa = PBXBuildFile; fileRef = B4DC6A081E1E6E1500D9A8BA /* StartViewController.swift */; };
		B4DC6A0D1E1E6E1F00D9A8BA /* PaymentProductsViewControllerTarget.swift in Sources */ = {isa = PBXBuildFile; fileRef = B4DC6A0C1E1E6E1F00D9A8BA /* PaymentProductsViewControllerTarget.swift */; };
		B4DC6A0F1E1E6E8800D9A8BA /* TableSectionConverter.swift in Sources */ = {isa = PBXBuildFile; fileRef = B4DC6A0E1E1E6E8800D9A8BA /* TableSectionConverter.swift */; };
		DA088FCC26102A2280E6B07D /* Pods_IngenicoConnectExample.framework in Frameworks */ = {isa = PBXBuildFile; fileRef = 6007BECA43AA22550417A4A8 /* Pods_IngenicoConnectExample.framework */; };
		E9BB319A152C66027E12877F /* ParseJsonTarget.swift in Sources */ = {isa = PBXBuildFile; fileRef = E9BB3C55E589D8266BDBE4C8 /* ParseJsonTarget.swift */; };
		F52E88931E9BDE8300546DC2 /* Button.swift in Sources */ = {isa = PBXBuildFile; fileRef = F52E88921E9BDE8300546DC2 /* Button.swift */; };
		F553D8B81EB09CC00075622C /* BoletoProductViewController.swift in Sources */ = {isa = PBXBuildFile; fileRef = F553D8B71EB09CC00075622C /* BoletoProductViewController.swift */; };
		F56177071EA6509800B75175 /* CardProductViewController.swift in Sources */ = {isa = PBXBuildFile; fileRef = F56177061EA6509800B75175 /* CardProductViewController.swift */; };
/* End PBXBuildFile section */

/* Begin PBXFileReference section */
		1CC504681E8022970003677F /* IngenicoConnectExample-Prefix.pch */ = {isa = PBXFileReference; fileEncoding = 4; lastKnownFileType = sourcecode.c.h; path = "IngenicoConnectExample-Prefix.pch"; sourceTree = "<group>"; };
		24D3CCF705D98A48B00DB0F8 /* Pods-IngenicoConnectExample.release.xcconfig */ = {isa = PBXFileReference; includeInIndex = 1; lastKnownFileType = text.xcconfig; name = "Pods-IngenicoConnectExample.release.xcconfig"; path = "Target Support Files/Pods-IngenicoConnectExample/Pods-IngenicoConnectExample.release.xcconfig"; sourceTree = "<group>"; };
		42974C781DC8A56300B91814 /* PassKit.framework */ = {isa = PBXFileReference; lastKnownFileType = wrapper.framework; name = PassKit.framework; path = System/Library/Frameworks/PassKit.framework; sourceTree = SDKROOT; };
		6007BECA43AA22550417A4A8 /* Pods_IngenicoConnectExample.framework */ = {isa = PBXFileReference; explicitFileType = wrapper.framework; includeInIndex = 0; path = Pods_IngenicoConnectExample.framework; sourceTree = BUILT_PRODUCTS_DIR; };
		6D3914C41E20F3C9007C8400 /* FormRowsConverter.swift */ = {isa = PBXFileReference; fileEncoding = 4; lastKnownFileType = sourcecode.swift; name = FormRowsConverter.swift; path = Converters/Tables/FormRowsConverter.swift; sourceTree = "<group>"; };
		6D7E21661E1BF53B007BA84B /* AppConstants.swift */ = {isa = PBXFileReference; fileEncoding = 4; lastKnownFileType = sourcecode.swift; name = AppConstants.swift; path = Constants/AppConstants.swift; sourceTree = "<group>"; };
		6D7E21681E1BF6F1007BA84B /* PaymentProductsTableRow.swift */ = {isa = PBXFileReference; fileEncoding = 4; lastKnownFileType = sourcecode.swift; name = PaymentProductsTableRow.swift; path = Models/Tables/PaymentProductsTableRow.swift; sourceTree = "<group>"; };
		6D7E216A1E1BF7DC007BA84B /* PaymentType.swift */ = {isa = PBXFileReference; fileEncoding = 4; lastKnownFileType = sourcecode.swift; name = PaymentType.swift; path = Enumerations/PaymentType.swift; sourceTree = "<group>"; };
		6D7E216E1E1BF85E007BA84B /* PaymentProductsTableSection.swift */ = {isa = PBXFileReference; fileEncoding = 4; lastKnownFileType = sourcecode.swift; name = PaymentProductsTableSection.swift; path = Models/Tables/PaymentProductsTableSection.swift; sourceTree = "<group>"; };
		6D7E21701E1BF8CF007BA84B /* FormRow.swift */ = {isa = PBXFileReference; fileEncoding = 4; lastKnownFileType = sourcecode.swift; name = FormRow.swift; path = Models/Tables/FormRow.swift; sourceTree = "<group>"; };
		6D7E21721E1BF939007BA84B /* FormRowWithInfoButton.swift */ = {isa = PBXFileReference; fileEncoding = 4; lastKnownFileType = sourcecode.swift; name = FormRowWithInfoButton.swift; path = Models/Tables/FormRowWithInfoButton.swift; sourceTree = "<group>"; };
		6D7E21741E1BF9AE007BA84B /* Label.swift */ = {isa = PBXFileReference; fileEncoding = 4; lastKnownFileType = sourcecode.swift; name = Label.swift; path = Views/Labels/Label.swift; sourceTree = "<group>"; };
		6D9A63831E1BFC8A001799FE /* FormRowLabel.swift */ = {isa = PBXFileReference; fileEncoding = 4; lastKnownFileType = sourcecode.swift; name = FormRowLabel.swift; path = Models/Tables/FormRowLabel.swift; sourceTree = "<group>"; };
		6D9A63851E1BFD39001799FE /* PickerView.swift */ = {isa = PBXFileReference; fileEncoding = 4; lastKnownFileType = sourcecode.swift; name = PickerView.swift; path = Views/PickerViews/PickerView.swift; sourceTree = "<group>"; };
		6D9A63871E1BFD99001799FE /* FormRowList.swift */ = {isa = PBXFileReference; fileEncoding = 4; lastKnownFileType = sourcecode.swift; name = FormRowList.swift; path = Models/Tables/FormRowList.swift; sourceTree = "<group>"; };
		6D9A63891E1BFE08001799FE /* Switch.swift */ = {isa = PBXFileReference; fileEncoding = 4; lastKnownFileType = sourcecode.swift; name = Switch.swift; path = Views/Switches/Switch.swift; sourceTree = "<group>"; };
		6D9A638B1E1BFE56001799FE /* FormRowSwitch.swift */ = {isa = PBXFileReference; fileEncoding = 4; lastKnownFileType = sourcecode.swift; name = FormRowSwitch.swift; path = Models/Tables/FormRowSwitch.swift; sourceTree = "<group>"; };
		6D9A638D1E1BFE99001799FE /* MerchantLogoImageView.swift */ = {isa = PBXFileReference; fileEncoding = 4; lastKnownFileType = sourcecode.swift; name = MerchantLogoImageView.swift; path = Views/ImageViews/MerchantLogoImageView.swift; sourceTree = "<group>"; };
		6D9A638F1E1BFF5D001799FE /* SummaryTableHeaderView.swift */ = {isa = PBXFileReference; fileEncoding = 4; lastKnownFileType = sourcecode.swift; name = SummaryTableHeaderView.swift; path = Views/TableHeaderViews/SummaryTableHeaderView.swift; sourceTree = "<group>"; };
		6D9A63911E1C044C001799FE /* TextField.swift */ = {isa = PBXFileReference; fileEncoding = 4; lastKnownFileType = sourcecode.swift; name = TextField.swift; path = Views/TextFields/TextField.swift; sourceTree = "<group>"; };
		6D9A63931E1C0563001799FE /* IntegerTextField.swift */ = {isa = PBXFileReference; fileEncoding = 4; lastKnownFileType = sourcecode.swift; name = IntegerTextField.swift; path = Views/TextFields/IntegerTextField.swift; sourceTree = "<group>"; };
		6D9A63951E1C0647001799FE /* FractionalTextField.swift */ = {isa = PBXFileReference; fileEncoding = 4; lastKnownFileType = sourcecode.swift; name = FractionalTextField.swift; path = Views/TextFields/FractionalTextField.swift; sourceTree = "<group>"; };
		6D9A63971E1C0BE2001799FE /* FormRowTextField.swift */ = {isa = PBXFileReference; fileEncoding = 4; lastKnownFileType = sourcecode.swift; name = FormRowTextField.swift; path = Models/Tables/FormRowTextField.swift; sourceTree = "<group>"; };
		6D9A63A91E1C0E3A001799FE /* FormRowCurrency.swift */ = {isa = PBXFileReference; fileEncoding = 4; lastKnownFileType = sourcecode.swift; name = FormRowCurrency.swift; path = Models/Tables/FormRowCurrency.swift; sourceTree = "<group>"; };
		6D9A63AB1E1C0E8A001799FE /* FormRowButton.swift */ = {isa = PBXFileReference; fileEncoding = 4; lastKnownFileType = sourcecode.swift; name = FormRowButton.swift; path = Models/Tables/FormRowButton.swift; sourceTree = "<group>"; };
		6D9A63AD1E1C0EC7001799FE /* FormRowErrorMessage.swift */ = {isa = PBXFileReference; fileEncoding = 4; lastKnownFileType = sourcecode.swift; name = FormRowErrorMessage.swift; path = Models/Tables/FormRowErrorMessage.swift; sourceTree = "<group>"; };
		6D9A63AF1E1C0EF2001799FE /* FormRowTooltip.swift */ = {isa = PBXFileReference; fileEncoding = 4; lastKnownFileType = sourcecode.swift; name = FormRowTooltip.swift; path = Models/Tables/FormRowTooltip.swift; sourceTree = "<group>"; };
		6D9A63B11E1C0FAF001799FE /* FormRowCoBrandsSelection.swift */ = {isa = PBXFileReference; fileEncoding = 4; lastKnownFileType = sourcecode.swift; name = FormRowCoBrandsSelection.swift; path = Models/Tables/FormRowCoBrandsSelection.swift; sourceTree = "<group>"; };
		6D9A63B31E1C0FD8001799FE /* FormRowCoBrandsExplanation.swift */ = {isa = PBXFileReference; fileEncoding = 4; lastKnownFileType = sourcecode.swift; name = FormRowCoBrandsExplanation.swift; path = Models/Tables/FormRowCoBrandsExplanation.swift; sourceTree = "<group>"; };
		6DEAB9641E2798E800C36908 /* EndViewController.swift */ = {isa = PBXFileReference; fileEncoding = 4; lastKnownFileType = sourcecode.swift; name = EndViewController.swift; path = ViewControllers/EndViewController.swift; sourceTree = "<group>"; };
		6DF724681E1CF47100D6BA15 /* TableViewCell.swift */ = {isa = PBXFileReference; fileEncoding = 4; lastKnownFileType = sourcecode.swift; name = TableViewCell.swift; path = Views/TableViewCells/TableViewCell.swift; sourceTree = "<group>"; };
		6DF7246A1E1CF80500D6BA15 /* TooltipTableViewCell.swift */ = {isa = PBXFileReference; fileEncoding = 4; lastKnownFileType = sourcecode.swift; name = TooltipTableViewCell.swift; path = Views/TableViewCells/TooltipTableViewCell.swift; sourceTree = "<group>"; };
		6DF7246C1E1CF95000D6BA15 /* PaymentProductTableViewCell.swift */ = {isa = PBXFileReference; fileEncoding = 4; lastKnownFileType = sourcecode.swift; name = PaymentProductTableViewCell.swift; path = Views/TableViewCells/PaymentProductTableViewCell.swift; sourceTree = "<group>"; };
		6DF7246E1E1CFBC800D6BA15 /* PickerViewTableViewCell.swift */ = {isa = PBXFileReference; fileEncoding = 4; lastKnownFileType = sourcecode.swift; name = PickerViewTableViewCell.swift; path = Views/TableViewCells/PickerViewTableViewCell.swift; sourceTree = "<group>"; };
		6DF724701E1CFCB900D6BA15 /* SwitchTableViewCell.swift */ = {isa = PBXFileReference; fileEncoding = 4; lastKnownFileType = sourcecode.swift; name = SwitchTableViewCell.swift; path = Views/TableViewCells/SwitchTableViewCell.swift; sourceTree = "<group>"; };
		6DF724721E1D002200D6BA15 /* TextFieldTableViewCell.swift */ = {isa = PBXFileReference; fileEncoding = 4; lastKnownFileType = sourcecode.swift; name = TextFieldTableViewCell.swift; path = Views/TableViewCells/TextFieldTableViewCell.swift; sourceTree = "<group>"; };
		6DF724741E1D00F200D6BA15 /* ButtonTableViewCell.swift */ = {isa = PBXFileReference; fileEncoding = 4; lastKnownFileType = sourcecode.swift; name = ButtonTableViewCell.swift; path = Views/TableViewCells/ButtonTableViewCell.swift; sourceTree = "<group>"; };
		6DF724761E1D02E700D6BA15 /* ErrorMessageTableViewCell.swift */ = {isa = PBXFileReference; fileEncoding = 4; lastKnownFileType = sourcecode.swift; name = ErrorMessageTableViewCell.swift; path = Views/TableViewCells/ErrorMessageTableViewCell.swift; sourceTree = "<group>"; };
		6DF724781E1D03A600D6BA15 /* LabelTableViewCell.swift */ = {isa = PBXFileReference; fileEncoding = 4; lastKnownFileType = sourcecode.swift; name = LabelTableViewCell.swift; path = Views/TableViewCells/LabelTableViewCell.swift; sourceTree = "<group>"; };
		6DF7247A1E1D056400D6BA15 /* CurrencyTableViewCell.swift */ = {isa = PBXFileReference; fileEncoding = 4; lastKnownFileType = sourcecode.swift; name = CurrencyTableViewCell.swift; path = Views/TableViewCells/CurrencyTableViewCell.swift; sourceTree = "<group>"; };
		6DF7247C1E1D076700D6BA15 /* CoBrandsSelectionTableViewCell.swift */ = {isa = PBXFileReference; fileEncoding = 4; lastKnownFileType = sourcecode.swift; name = CoBrandsSelectionTableViewCell.swift; path = Views/TableViewCells/CoBrandsSelectionTableViewCell.swift; sourceTree = "<group>"; };
		6DF7247E1E1D0A3700D6BA15 /* COBrandsExplanationTableViewCell.swift */ = {isa = PBXFileReference; fileEncoding = 4; lastKnownFileType = sourcecode.swift; name = COBrandsExplanationTableViewCell.swift; path = Views/TableViewCells/COBrandsExplanationTableViewCell.swift; sourceTree = "<group>"; };
		6DF724841E1D0D7700D6BA15 /* PaymentProductInputData.swift */ = {isa = PBXFileReference; fileEncoding = 4; lastKnownFileType = sourcecode.swift; name = PaymentProductInputData.swift; path = Models/PaymentProductInputData.swift; sourceTree = "<group>"; };
		6DF724881E1D2A2A00D6BA15 /* PaymentProductSelectionTarget.swift */ = {isa = PBXFileReference; fileEncoding = 4; lastKnownFileType = sourcecode.swift; name = PaymentProductSelectionTarget.swift; path = Protocols/PaymentProductSelectionTarget.swift; sourceTree = "<group>"; };
		6DF7248A1E1D2E4500D6BA15 /* PaymentRequestTarget.swift */ = {isa = PBXFileReference; fileEncoding = 4; lastKnownFileType = sourcecode.swift; name = PaymentRequestTarget.swift; path = Protocols/PaymentRequestTarget.swift; sourceTree = "<group>"; };
		6DF7248E1E1D2E8900D6BA15 /* ContinueShoppingTarget.swift */ = {isa = PBXFileReference; fileEncoding = 4; lastKnownFileType = sourcecode.swift; name = ContinueShoppingTarget.swift; path = Protocols/ContinueShoppingTarget.swift; sourceTree = "<group>"; };
		6DF724901E1D2EAA00D6BA15 /* PaymentFinishedTarget.swift */ = {isa = PBXFileReference; fileEncoding = 4; lastKnownFileType = sourcecode.swift; name = PaymentFinishedTarget.swift; path = Protocols/PaymentFinishedTarget.swift; sourceTree = "<group>"; };
		7240260D262ECD5300AC8673 /* StartPaymentParsedJsonData.swift */ = {isa = PBXFileReference; fileEncoding = 4; lastKnownFileType = sourcecode.swift; name = StartPaymentParsedJsonData.swift; path = Models/StartPaymentParsedJsonData.swift; sourceTree = "<group>"; };
		72402619262ED3B800AC8673 /* JsonDialogViewController.swift */ = {isa = PBXFileReference; fileEncoding = 4; lastKnownFileType = sourcecode.swift; name = JsonDialogViewController.swift; path = ViewControllers/JsonDialogViewController.swift; sourceTree = "<group>"; };
		732012E41EF2805700A736A5 /* FormRowImage.swift */ = {isa = PBXFileReference; fileEncoding = 4; lastKnownFileType = sourcecode.swift; name = FormRowImage.swift; path = Models/Tables/FormRowImage.swift; sourceTree = "<group>"; };
		732012E61EF2806F00A736A5 /* FormRowQRCode.swift */ = {isa = PBXFileReference; fileEncoding = 4; lastKnownFileType = sourcecode.swift; name = FormRowQRCode.swift; path = Models/Tables/FormRowQRCode.swift; sourceTree = "<group>"; };
		732012E81EF285F300A736A5 /* ImageTableViewCell.swift */ = {isa = PBXFileReference; fileEncoding = 4; lastKnownFileType = sourcecode.swift; name = ImageTableViewCell.swift; path = Views/TableViewCells/ImageTableViewCell.swift; sourceTree = "<group>"; };
		735209F21EE9437E009DC21F /* BancontactProductViewController.swift */ = {isa = PBXFileReference; fileEncoding = 4; lastKnownFileType = sourcecode.swift; name = BancontactProductViewController.swift; path = ViewControllers/BancontactProductViewController.swift; sourceTree = "<group>"; };
		7375BBB31F161F5200AFB547 /* DetailedPickerViewTableViewCell.swift */ = {isa = PBXFileReference; fileEncoding = 4; lastKnownFileType = sourcecode.swift; name = DetailedPickerViewTableViewCell.swift; path = Views/TableViewCells/DetailedPickerViewTableViewCell.swift; sourceTree = "<group>"; };
		739878A21F17529600A2B7A6 /* FormRowReadonlyReview.swift */ = {isa = PBXFileReference; fileEncoding = 4; lastKnownFileType = sourcecode.swift; name = FormRowReadonlyReview.swift; path = Models/Tables/FormRowReadonlyReview.swift; sourceTree = "<group>"; };
		739878A41F175A4400A2B7A6 /* ReadonlyReviewTableViewCell.swift */ = {isa = PBXFileReference; fileEncoding = 4; lastKnownFileType = sourcecode.swift; name = ReadonlyReviewTableViewCell.swift; path = Views/TableViewCells/ReadonlyReviewTableViewCell.swift; sourceTree = "<group>"; };
		73B656D31F0F83BD00BBAF8D /* ArvatoProductViewController.swift */ = {isa = PBXFileReference; fileEncoding = 4; lastKnownFileType = sourcecode.swift; name = ArvatoProductViewController.swift; path = ViewControllers/ArvatoProductViewController.swift; sourceTree = "<group>"; };
		73B656D51F0FB44A00BBAF8D /* FormRowSmallLogo.swift */ = {isa = PBXFileReference; fileEncoding = 4; lastKnownFileType = sourcecode.swift; name = FormRowSmallLogo.swift; path = Models/Tables/FormRowSmallLogo.swift; sourceTree = "<group>"; };
		73B656D71F0FB6B700BBAF8D /* LogoTableViewCell.swift */ = {isa = PBXFileReference; fileEncoding = 4; lastKnownFileType = sourcecode.swift; name = LogoTableViewCell.swift; path = Views/TableViewCells/LogoTableViewCell.swift; sourceTree = "<group>"; };
		73E9AB931F9DC7DB00AC1893 /* FormRowDate.swift */ = {isa = PBXFileReference; fileEncoding = 4; lastKnownFileType = sourcecode.swift; name = FormRowDate.swift; path = Models/Tables/FormRowDate.swift; sourceTree = "<group>"; };
		73E9AB951F9DC80000AC1893 /* DatePickerTableViewCell.swift */ = {isa = PBXFileReference; fileEncoding = 4; lastKnownFileType = sourcecode.swift; name = DatePickerTableViewCell.swift; path = Views/TableViewCells/DatePickerTableViewCell.swift; sourceTree = "<group>"; };
		73E9DC1A1EFBB0BC00969D43 /* ExternalAppStatusViewController.swift */ = {isa = PBXFileReference; fileEncoding = 4; lastKnownFileType = sourcecode.swift; name = ExternalAppStatusViewController.swift; path = ViewControllers/ExternalAppStatusViewController.swift; sourceTree = "<group>"; };
		73E9DC1D1EFBB87600969D43 /* CheckMarkView.swift */ = {isa = PBXFileReference; fileEncoding = 4; lastKnownFileType = sourcecode.swift; name = CheckMarkView.swift; path = Views/CustomViews/CheckMarkView.swift; sourceTree = "<group>"; };
		73E9DC1F1EFBC01000969D43 /* StatusView.swift */ = {isa = PBXFileReference; fileEncoding = 4; lastKnownFileType = sourcecode.swift; name = StatusView.swift; path = Views/CustomViews/StatusView.swift; sourceTree = "<group>"; };
		746163FA252DE76700F733E0 /* ValidationErrorExtension.swift */ = {isa = PBXFileReference; lastKnownFileType = sourcecode.swift; path = ValidationErrorExtension.swift; sourceTree = "<group>"; };
		7B3E9DA7299CD450003C1C22 /* FormRowWithProductField.swift */ = {isa = PBXFileReference; lastKnownFileType = sourcecode.swift; path = FormRowWithProductField.swift; sourceTree = "<group>"; };
		7B3E9DAB299CDCB7003C1C22 /* FormRowWithInfoButtonProductField.swift */ = {isa = PBXFileReference; lastKnownFileType = sourcecode.swift; path = FormRowWithInfoButtonProductField.swift; sourceTree = "<group>"; };
		81BCAD271F06B38B000B0BCF /* SeparatorView.swift */ = {isa = PBXFileReference; fileEncoding = 4; lastKnownFileType = sourcecode.swift; name = SeparatorView.swift; path = Views/CustomViews/SeparatorView.swift; sourceTree = "<group>"; };
		81BCAD291F06B40C000B0BCF /* FormRowSeparator.swift */ = {isa = PBXFileReference; fileEncoding = 4; lastKnownFileType = sourcecode.swift; name = FormRowSeparator.swift; path = Models/Tables/FormRowSeparator.swift; sourceTree = "<group>"; };
		81BCAD2B1F06BBB8000B0BCF /* SeparatorTableViewCell.swift */ = {isa = PBXFileReference; fileEncoding = 4; lastKnownFileType = sourcecode.swift; name = SeparatorTableViewCell.swift; path = Views/TableViewCells/SeparatorTableViewCell.swift; sourceTree = "<group>"; };
		A351DCAF196296000033E23C /* IngenicoConnectExample.app */ = {isa = PBXFileReference; explicitFileType = wrapper.application; includeInIndex = 0; path = IngenicoConnectExample.app; sourceTree = BUILT_PRODUCTS_DIR; };
		A351DCB2196296000033E23C /* Foundation.framework */ = {isa = PBXFileReference; lastKnownFileType = wrapper.framework; name = Foundation.framework; path = System/Library/Frameworks/Foundation.framework; sourceTree = SDKROOT; };
		A351DCB4196296000033E23C /* CoreGraphics.framework */ = {isa = PBXFileReference; lastKnownFileType = wrapper.framework; name = CoreGraphics.framework; path = System/Library/Frameworks/CoreGraphics.framework; sourceTree = SDKROOT; };
		A351DCB6196296000033E23C /* UIKit.framework */ = {isa = PBXFileReference; lastKnownFileType = wrapper.framework; name = UIKit.framework; path = System/Library/Frameworks/UIKit.framework; sourceTree = SDKROOT; };
		A351DCC4196296000033E23C /* Images.xcassets */ = {isa = PBXFileReference; lastKnownFileType = folder.assetcatalog; path = Images.xcassets; sourceTree = "<group>"; };
		A363FC271AA704DF00186592 /* en */ = {isa = PBXFileReference; lastKnownFileType = text.plist.strings; name = en; path = en.lproj/AppLocalizable.strings; sourceTree = "<group>"; };
		A3B768191962CDF6000CA526 /* Info.plist */ = {isa = PBXFileReference; fileEncoding = 4; lastKnownFileType = text.plist.xml; path = Info.plist; sourceTree = "<group>"; };
		B4DC6A001E1E5A4800D9A8BA /* AppDelegate.swift */ = {isa = PBXFileReference; fileEncoding = 4; lastKnownFileType = sourcecode.swift; path = AppDelegate.swift; sourceTree = "<group>"; };
		B4DC6A061E1E6E1500D9A8BA /* PaymentProductsViewController.swift */ = {isa = PBXFileReference; fileEncoding = 4; lastKnownFileType = sourcecode.swift; name = PaymentProductsViewController.swift; path = ViewControllers/PaymentProductsViewController.swift; sourceTree = "<group>"; };
		B4DC6A071E1E6E1500D9A8BA /* PaymentProductViewController.swift */ = {isa = PBXFileReference; fileEncoding = 4; lastKnownFileType = sourcecode.swift; name = PaymentProductViewController.swift; path = ViewControllers/PaymentProductViewController.swift; sourceTree = "<group>"; };
		B4DC6A081E1E6E1500D9A8BA /* StartViewController.swift */ = {isa = PBXFileReference; fileEncoding = 4; lastKnownFileType = sourcecode.swift; name = StartViewController.swift; path = ViewControllers/StartViewController.swift; sourceTree = "<group>"; };
		B4DC6A0C1E1E6E1F00D9A8BA /* PaymentProductsViewControllerTarget.swift */ = {isa = PBXFileReference; fileEncoding = 4; lastKnownFileType = sourcecode.swift; name = PaymentProductsViewControllerTarget.swift; path = ViewControllers/Targets/PaymentProductsViewControllerTarget.swift; sourceTree = "<group>"; };
		B4DC6A0E1E1E6E8800D9A8BA /* TableSectionConverter.swift */ = {isa = PBXFileReference; fileEncoding = 4; lastKnownFileType = sourcecode.swift; name = TableSectionConverter.swift; path = Converters/Tables/TableSectionConverter.swift; sourceTree = "<group>"; };
		DED6C208B1793298B8C1C110 /* Pods-IngenicoConnectExampleTests.release.xcconfig */ = {isa = PBXFileReference; includeInIndex = 1; lastKnownFileType = text.xcconfig; name = "Pods-IngenicoConnectExampleTests.release.xcconfig"; path = "Target Support Files/Pods-IngenicoConnectExampleTests/Pods-IngenicoConnectExampleTests.release.xcconfig"; sourceTree = "<group>"; };
		E9BB3C55E589D8266BDBE4C8 /* ParseJsonTarget.swift */ = {isa = PBXFileReference; fileEncoding = 4; lastKnownFileType = sourcecode.swift; name = ParseJsonTarget.swift; path = Protocols/ParseJsonTarget.swift; sourceTree = "<group>"; };
		F519A9D21DBF5F2100E61034 /* IngenicoConnectExample.entitlements */ = {isa = PBXFileReference; lastKnownFileType = text.plist.entitlements; path = IngenicoConnectExample.entitlements; sourceTree = "<group>"; };
		F52E88921E9BDE8300546DC2 /* Button.swift */ = {isa = PBXFileReference; fileEncoding = 4; lastKnownFileType = sourcecode.swift; name = Button.swift; path = Views/Buttons/Button.swift; sourceTree = "<group>"; };
		F553D8B71EB09CC00075622C /* BoletoProductViewController.swift */ = {isa = PBXFileReference; fileEncoding = 4; lastKnownFileType = sourcecode.swift; name = BoletoProductViewController.swift; path = ViewControllers/BoletoProductViewController.swift; sourceTree = "<group>"; };
		F56177061EA6509800B75175 /* CardProductViewController.swift */ = {isa = PBXFileReference; fileEncoding = 4; lastKnownFileType = sourcecode.swift; name = CardProductViewController.swift; path = ViewControllers/CardProductViewController.swift; sourceTree = "<group>"; };
		FACF56A386901B18A3F52C0C /* Pods-IngenicoConnectExample.debug.xcconfig */ = {isa = PBXFileReference; includeInIndex = 1; lastKnownFileType = text.xcconfig; name = "Pods-IngenicoConnectExample.debug.xcconfig"; path = "Target Support Files/Pods-IngenicoConnectExample/Pods-IngenicoConnectExample.debug.xcconfig"; sourceTree = "<group>"; };
/* End PBXFileReference section */

/* Begin PBXFrameworksBuildPhase section */
		A351DCAC196296000033E23C /* Frameworks */ = {
			isa = PBXFrameworksBuildPhase;
			buildActionMask = 2147483647;
			files = (
				42974C791DC8A56300B91814 /* PassKit.framework in Frameworks */,
				A351DCB5196296000033E23C /* CoreGraphics.framework in Frameworks */,
				A351DCB7196296000033E23C /* UIKit.framework in Frameworks */,
				A351DCB3196296000033E23C /* Foundation.framework in Frameworks */,
				DA088FCC26102A2280E6B07D /* Pods_IngenicoConnectExample.framework in Frameworks */,
			);
			runOnlyForDeploymentPostprocessing = 0;
		};
/* End PBXFrameworksBuildPhase section */

/* Begin PBXGroup section */
		1D5C843DE5B2F42755DA7235 /* Pods */ = {
			isa = PBXGroup;
			children = (
				FACF56A386901B18A3F52C0C /* Pods-IngenicoConnectExample.debug.xcconfig */,
				24D3CCF705D98A48B00DB0F8 /* Pods-IngenicoConnectExample.release.xcconfig */,
				7768B572CB6F028689740E23 /* Pods-IngenicoConnectExampleTests.debug.xcconfig */,
				DED6C208B1793298B8C1C110 /* Pods-IngenicoConnectExampleTests.release.xcconfig */,
			);
			path = Pods;
			sourceTree = "<group>";
		};
		42974C7B1DC8AB5400B91814 /* Targets */ = {
			isa = PBXGroup;
			children = (
				B4DC6A0C1E1E6E1F00D9A8BA /* PaymentProductsViewControllerTarget.swift */,
			);
			name = Targets;
			sourceTree = "<group>";
		};
		73E9DC1C1EFBB84B00969D43 /* CustomViews */ = {
			isa = PBXGroup;
			children = (
				73E9DC1D1EFBB87600969D43 /* CheckMarkView.swift */,
				73E9DC1F1EFBC01000969D43 /* StatusView.swift */,
				81BCAD271F06B38B000B0BCF /* SeparatorView.swift */,
			);
			name = CustomViews;
			sourceTree = "<group>";
		};
		A3026BB91962E86B00BDE9EE /* TableHeaderViews */ = {
			isa = PBXGroup;
			children = (
				6D9A638F1E1BFF5D001799FE /* SummaryTableHeaderView.swift */,
			);
			name = TableHeaderViews;
			sourceTree = "<group>";
		};
		A30C8CB3196AD16500F1EDA3 /* Labels */ = {
			isa = PBXGroup;
			children = (
				6D7E21741E1BF9AE007BA84B /* Label.swift */,
			);
			name = Labels;
			sourceTree = "<group>";
		};
		A351DCA6196296000033E23C = {
			isa = PBXGroup;
			children = (
				A351DCB8196296000033E23C /* IngenicoConnectExample */,
				A351DCB1196296000033E23C /* Frameworks */,
				A351DCB0196296000033E23C /* Products */,
				1D5C843DE5B2F42755DA7235 /* Pods */,
			);
			sourceTree = "<group>";
		};
		A351DCB0196296000033E23C /* Products */ = {
			isa = PBXGroup;
			children = (
				A351DCAF196296000033E23C /* IngenicoConnectExample.app */,
			);
			name = Products;
			sourceTree = "<group>";
		};
		A351DCB1196296000033E23C /* Frameworks */ = {
			isa = PBXGroup;
			children = (
				42974C781DC8A56300B91814 /* PassKit.framework */,
				A351DCB2196296000033E23C /* Foundation.framework */,
				A351DCB4196296000033E23C /* CoreGraphics.framework */,
				A351DCB6196296000033E23C /* UIKit.framework */,
				6007BECA43AA22550417A4A8 /* Pods_IngenicoConnectExample.framework */,
			);
			name = Frameworks;
			sourceTree = "<group>";
		};
		A351DCB8196296000033E23C /* IngenicoConnectExample */ = {
			isa = PBXGroup;
			children = (
				F519A9D21DBF5F2100E61034 /* IngenicoConnectExample.entitlements */,
				A3FE1FA21962AE7E005FF3FA /* Constants */,
				A3FE1F901962A076005FF3FA /* Models */,
				A3FE1F8E1962A036005FF3FA /* Converters */,
				A3FE1F8A19629EFB005FF3FA /* Enumerations */,
				A3FE1F8819629EC7005FF3FA /* Protocols */,
				A3FE1F8519629E4C005FF3FA /* Views */,
				A3FE1F8419629E44005FF3FA /* ViewControllers */,
				B4DC6A001E1E5A4800D9A8BA /* AppDelegate.swift */,
				A351DCC4196296000033E23C /* Images.xcassets */,
				A351DCB9196296000033E23C /* Supporting Files */,
			);
			path = IngenicoConnectExample;
			sourceTree = "<group>";
		};
		A351DCB9196296000033E23C /* Supporting Files */ = {
			isa = PBXGroup;
			children = (
				A363FC261AA704DF00186592 /* AppLocalizable.strings */,
				A3B768191962CDF6000CA526 /* Info.plist */,
				1CC504681E8022970003677F /* IngenicoConnectExample-Prefix.pch */,
			);
			name = "Supporting Files";
			sourceTree = "<group>";
		};
		A3BB2CF1196D42290022F63C /* ImageViews */ = {
			isa = PBXGroup;
			children = (
				6D9A638D1E1BFE99001799FE /* MerchantLogoImageView.swift */,
			);
			name = ImageViews;
			sourceTree = "<group>";
		};
		A3FE1F8419629E44005FF3FA /* ViewControllers */ = {
			isa = PBXGroup;
			children = (
				B4DC6A081E1E6E1500D9A8BA /* StartViewController.swift */,
				B4DC6A061E1E6E1500D9A8BA /* PaymentProductsViewController.swift */,
				72402619262ED3B800AC8673 /* JsonDialogViewController.swift */,
				B4DC6A071E1E6E1500D9A8BA /* PaymentProductViewController.swift */,
				6DEAB9641E2798E800C36908 /* EndViewController.swift */,
				F56177061EA6509800B75175 /* CardProductViewController.swift */,
				F553D8B71EB09CC00075622C /* BoletoProductViewController.swift */,
				42974C7B1DC8AB5400B91814 /* Targets */,
				735209F21EE9437E009DC21F /* BancontactProductViewController.swift */,
				73E9DC1A1EFBB0BC00969D43 /* ExternalAppStatusViewController.swift */,
				73B656D31F0F83BD00BBAF8D /* ArvatoProductViewController.swift */,
			);
			name = ViewControllers;
			sourceTree = "<group>";
		};
		A3FE1F8519629E4C005FF3FA /* Views */ = {
			isa = PBXGroup;
			children = (
				73E9DC1C1EFBB84B00969D43 /* CustomViews */,
				A3BB2CF1196D42290022F63C /* ImageViews */,
				A30C8CB3196AD16500F1EDA3 /* Labels */,
				A3026BB91962E86B00BDE9EE /* TableHeaderViews */,
				A3FE1F8C19629F3B005FF3FA /* TextFields */,
				A3FE1F8B19629F32005FF3FA /* PickerViews */,
				A3FE1F8919629EE3005FF3FA /* Switches */,
				A3FE1F8719629E5C005FF3FA /* TableViewCells */,
				A3FE1F8619629E57005FF3FA /* Buttons */,
			);
			name = Views;
			sourceTree = "<group>";
		};
		A3FE1F8619629E57005FF3FA /* Buttons */ = {
			isa = PBXGroup;
			children = (
				F52E88921E9BDE8300546DC2 /* Button.swift */,
			);
			name = Buttons;
			sourceTree = "<group>";
		};
		A3FE1F8719629E5C005FF3FA /* TableViewCells */ = {
			isa = PBXGroup;
			children = (
				73E9AB951F9DC80000AC1893 /* DatePickerTableViewCell.swift */,
				6DF724681E1CF47100D6BA15 /* TableViewCell.swift */,
				6DF7246A1E1CF80500D6BA15 /* TooltipTableViewCell.swift */,
				6DF7246C1E1CF95000D6BA15 /* PaymentProductTableViewCell.swift */,
				6DF7246E1E1CFBC800D6BA15 /* PickerViewTableViewCell.swift */,
				6DF724701E1CFCB900D6BA15 /* SwitchTableViewCell.swift */,
				6DF724721E1D002200D6BA15 /* TextFieldTableViewCell.swift */,
				6DF724741E1D00F200D6BA15 /* ButtonTableViewCell.swift */,
				6DF724761E1D02E700D6BA15 /* ErrorMessageTableViewCell.swift */,
				6DF724781E1D03A600D6BA15 /* LabelTableViewCell.swift */,
				6DF7247A1E1D056400D6BA15 /* CurrencyTableViewCell.swift */,
				6DF7247C1E1D076700D6BA15 /* CoBrandsSelectionTableViewCell.swift */,
				6DF7247E1E1D0A3700D6BA15 /* COBrandsExplanationTableViewCell.swift */,
				732012E81EF285F300A736A5 /* ImageTableViewCell.swift */,
				81BCAD2B1F06BBB8000B0BCF /* SeparatorTableViewCell.swift */,
				73B656D71F0FB6B700BBAF8D /* LogoTableViewCell.swift */,
				7375BBB31F161F5200AFB547 /* DetailedPickerViewTableViewCell.swift */,
				739878A41F175A4400A2B7A6 /* ReadonlyReviewTableViewCell.swift */,
			);
			name = TableViewCells;
			sourceTree = "<group>";
		};
		A3FE1F8819629EC7005FF3FA /* Protocols */ = {
			isa = PBXGroup;
			children = (
				6DF724881E1D2A2A00D6BA15 /* PaymentProductSelectionTarget.swift */,
				6DF7248A1E1D2E4500D6BA15 /* PaymentRequestTarget.swift */,
				6DF7248E1E1D2E8900D6BA15 /* ContinueShoppingTarget.swift */,
				6DF724901E1D2EAA00D6BA15 /* PaymentFinishedTarget.swift */,
				E9BB3C55E589D8266BDBE4C8 /* ParseJsonTarget.swift */,
			);
			name = Protocols;
			sourceTree = "<group>";
		};
		A3FE1F8919629EE3005FF3FA /* Switches */ = {
			isa = PBXGroup;
			children = (
				6D9A63891E1BFE08001799FE /* Switch.swift */,
			);
			name = Switches;
			sourceTree = "<group>";
		};
		A3FE1F8A19629EFB005FF3FA /* Enumerations */ = {
			isa = PBXGroup;
			children = (
				6D7E216A1E1BF7DC007BA84B /* PaymentType.swift */,
			);
			name = Enumerations;
			sourceTree = "<group>";
		};
		A3FE1F8B19629F32005FF3FA /* PickerViews */ = {
			isa = PBXGroup;
			children = (
				6D9A63851E1BFD39001799FE /* PickerView.swift */,
			);
			name = PickerViews;
			sourceTree = "<group>";
		};
		A3FE1F8C19629F3B005FF3FA /* TextFields */ = {
			isa = PBXGroup;
			children = (
				6D9A63911E1C044C001799FE /* TextField.swift */,
				6D9A63931E1C0563001799FE /* IntegerTextField.swift */,
				6D9A63951E1C0647001799FE /* FractionalTextField.swift */,
			);
			name = TextFields;
			sourceTree = "<group>";
		};
		A3FE1F8E1962A036005FF3FA /* Converters */ = {
			isa = PBXGroup;
			children = (
				A3FE1F8F1962A056005FF3FA /* Tables */,
			);
			name = Converters;
			sourceTree = "<group>";
		};
		A3FE1F8F1962A056005FF3FA /* Tables */ = {
			isa = PBXGroup;
			children = (
				6D3914C41E20F3C9007C8400 /* FormRowsConverter.swift */,
				B4DC6A0E1E1E6E8800D9A8BA /* TableSectionConverter.swift */,
				746163FA252DE76700F733E0 /* ValidationErrorExtension.swift */,
			);
			name = Tables;
			sourceTree = "<group>";
		};
		A3FE1F901962A076005FF3FA /* Models */ = {
			isa = PBXGroup;
			children = (
				A3FE1F921962A099005FF3FA /* Tables */,
				6DF724841E1D0D7700D6BA15 /* PaymentProductInputData.swift */,
				7240260D262ECD5300AC8673 /* StartPaymentParsedJsonData.swift */,
			);
			name = Models;
			sourceTree = "<group>";
		};
		A3FE1F921962A099005FF3FA /* Tables */ = {
			isa = PBXGroup;
			children = (
				73E9AB931F9DC7DB00AC1893 /* FormRowDate.swift */,
				6D7E21681E1BF6F1007BA84B /* PaymentProductsTableRow.swift */,
				6D7E216E1E1BF85E007BA84B /* PaymentProductsTableSection.swift */,
				6D7E21701E1BF8CF007BA84B /* FormRow.swift */,
				6D7E21721E1BF939007BA84B /* FormRowWithInfoButton.swift */,
				6D9A63871E1BFD99001799FE /* FormRowList.swift */,
				6D9A63831E1BFC8A001799FE /* FormRowLabel.swift */,
				6D9A638B1E1BFE56001799FE /* FormRowSwitch.swift */,
				6D9A63971E1C0BE2001799FE /* FormRowTextField.swift */,
				6D9A63A91E1C0E3A001799FE /* FormRowCurrency.swift */,
				7B3E9DAB299CDCB7003C1C22 /* FormRowWithInfoButtonProductField.swift */,
				6D9A63AF1E1C0EF2001799FE /* FormRowTooltip.swift */,
				6D9A63AB1E1C0E8A001799FE /* FormRowButton.swift */,
				6D9A63AD1E1C0EC7001799FE /* FormRowErrorMessage.swift */,
				6D9A63B11E1C0FAF001799FE /* FormRowCoBrandsSelection.swift */,
				6D9A63B31E1C0FD8001799FE /* FormRowCoBrandsExplanation.swift */,
				732012E41EF2805700A736A5 /* FormRowImage.swift */,
				732012E61EF2806F00A736A5 /* FormRowQRCode.swift */,
				81BCAD291F06B40C000B0BCF /* FormRowSeparator.swift */,
				73B656D51F0FB44A00BBAF8D /* FormRowSmallLogo.swift */,
				739878A21F17529600A2B7A6 /* FormRowReadonlyReview.swift */,
				7B3E9DA7299CD450003C1C22 /* FormRowWithProductField.swift */,
			);
			name = Tables;
			sourceTree = "<group>";
		};
		A3FE1FA21962AE7E005FF3FA /* Constants */ = {
			isa = PBXGroup;
			children = (
				6D7E21661E1BF53B007BA84B /* AppConstants.swift */,
			);
			name = Constants;
			sourceTree = "<group>";
		};
/* End PBXGroup section */

/* Begin PBXNativeTarget section */
		A351DCAE196296000033E23C /* IngenicoConnectExample */ = {
			isa = PBXNativeTarget;
			buildConfigurationList = A351DCDB196296000033E23C /* Build configuration list for PBXNativeTarget "IngenicoConnectExample" */;
			buildPhases = (
				6C0288C7DBEF0B5E563D2D3C /* [CP] Check Pods Manifest.lock */,
				A351DCAB196296000033E23C /* Sources */,
				A351DCAC196296000033E23C /* Frameworks */,
				A351DCAD196296000033E23C /* Resources */,
				4FB06C189B141653C66BE4B8 /* [CP] Embed Pods Frameworks */,
			);
			buildRules = (
			);
			dependencies = (
			);
			name = IngenicoConnectExample;
			productName = GlobalCollectDemoApp;
			productReference = A351DCAF196296000033E23C /* IngenicoConnectExample.app */;
			productType = "com.apple.product-type.application";
		};
/* End PBXNativeTarget section */

/* Begin PBXProject section */
		A351DCA7196296000033E23C /* Project object */ = {
			isa = PBXProject;
			attributes = {
				LastUpgradeCheck = 0720;
				ORGANIZATIONNAME = Ingenico;
				TargetAttributes = {
					A351DCAE196296000033E23C = {
						DevelopmentTeam = UTWYEN5FS2;
						LastSwiftMigration = 0810;
						ProvisioningStyle = Automatic;
						SystemCapabilities = {
							com.apple.ApplePay = {
								enabled = 1;
							};
							com.apple.DataProtection = {
								enabled = 0;
							};
							com.apple.Keychain = {
								enabled = 1;
							};
						};
					};
				};
			};
			buildConfigurationList = A351DCAA196296000033E23C /* Build configuration list for PBXProject "IngenicoConnectExample" */;
			compatibilityVersion = "Xcode 3.2";
			developmentRegion = English;
			hasScannedForEncodings = 0;
			knownRegions = (
				English,
				en,
				"en-AU",
				"ar-EG",
				"vi-VN",
				"ur-PK",
				"uk-UA",
				"tr-TR",
				"th-TH",
				"sv-SE",
				"sw-KE",
				"es-ES",
				"es-CO",
				"es-AR",
				"sl-SI",
				"ru-RU",
				"ro-RO",
				"pt-PT",
				"pt-BR",
				"pl-PL",
				"fa-IR",
				"nb-NO",
				"ms-MY",
				"lt-LT",
				"lv-LV",
				"ko-KR",
				"ja-JP",
				"it-IT",
				"hu-HU",
				"hi-IN",
				"he-IL",
				"el-GR",
				"de-DE",
				"de-CH",
				"de-AT",
				"fr-FR",
				"fr-CA",
				"fr-BE",
				"nl-BE",
				"nl-NL",
				"fi-FI",
				"et-EE",
				"en-US",
				"en-NZ",
				"en-IE",
				"en-CA",
				"da-DK",
				"cs-CZ",
				"zh-Hans-CN",
				"zh-Hant-HK",
				nl,
				fr,
				es,
				"en-GB",
				pt,
				it,
				"zh-Hans",
				"zh-Hant",
				"es-MX",
				de,
				ja,
				ko,
				vi,
				ru,
				da,
				fi,
				nb,
				sv,
				pl,
				tr,
				ar,
				ms,
				th,
				cs,
				hu,
				el,
				uk,
				he,
				ro,
			);
			mainGroup = A351DCA6196296000033E23C;
			productRefGroup = A351DCB0196296000033E23C /* Products */;
			projectDirPath = "";
			projectRoot = "";
			targets = (
				A351DCAE196296000033E23C /* IngenicoConnectExample */,
			);
		};
/* End PBXProject section */

/* Begin PBXResourcesBuildPhase section */
		A351DCAD196296000033E23C /* Resources */ = {
			isa = PBXResourcesBuildPhase;
			buildActionMask = 2147483647;
			files = (
				A363FC591AA70C8200186592 /* AppLocalizable.strings in Resources */,
				A351DCC5196296000033E23C /* Images.xcassets in Resources */,
			);
			runOnlyForDeploymentPostprocessing = 0;
		};
/* End PBXResourcesBuildPhase section */

/* Begin PBXShellScriptBuildPhase section */
		4FB06C189B141653C66BE4B8 /* [CP] Embed Pods Frameworks */ = {
			isa = PBXShellScriptBuildPhase;
			buildActionMask = 2147483647;
			files = (
			);
			inputPaths = (
				"${PODS_ROOT}/Target Support Files/Pods-IngenicoConnectExample/Pods-IngenicoConnectExample-frameworks.sh",
				"${BUILT_PRODUCTS_DIR}/Alamofire/Alamofire.framework",
				"${BUILT_PRODUCTS_DIR}/CryptoSwift/CryptoSwift.framework",
				"${BUILT_PRODUCTS_DIR}/IngenicoConnectKit/IngenicoConnectKit.framework",
				"${BUILT_PRODUCTS_DIR}/SVProgressHUD/SVProgressHUD.framework",
			);
			name = "[CP] Embed Pods Frameworks";
			outputPaths = (
				"${TARGET_BUILD_DIR}/${FRAMEWORKS_FOLDER_PATH}/Alamofire.framework",
				"${TARGET_BUILD_DIR}/${FRAMEWORKS_FOLDER_PATH}/CryptoSwift.framework",
				"${TARGET_BUILD_DIR}/${FRAMEWORKS_FOLDER_PATH}/IngenicoConnectKit.framework",
				"${TARGET_BUILD_DIR}/${FRAMEWORKS_FOLDER_PATH}/SVProgressHUD.framework",
			);
			runOnlyForDeploymentPostprocessing = 0;
			shellPath = /bin/sh;
			shellScript = "\"${PODS_ROOT}/Target Support Files/Pods-IngenicoConnectExample/Pods-IngenicoConnectExample-frameworks.sh\"\n";
			showEnvVarsInLog = 0;
		};
		6C0288C7DBEF0B5E563D2D3C /* [CP] Check Pods Manifest.lock */ = {
			isa = PBXShellScriptBuildPhase;
			buildActionMask = 2147483647;
			files = (
			);
			inputFileListPaths = (
			);
			inputPaths = (
				"${PODS_PODFILE_DIR_PATH}/Podfile.lock",
				"${PODS_ROOT}/Manifest.lock",
			);
			name = "[CP] Check Pods Manifest.lock";
			outputFileListPaths = (
			);
			outputPaths = (
				"$(DERIVED_FILE_DIR)/Pods-IngenicoConnectExample-checkManifestLockResult.txt",
			);
			runOnlyForDeploymentPostprocessing = 0;
			shellPath = /bin/sh;
			shellScript = "diff \"${PODS_PODFILE_DIR_PATH}/Podfile.lock\" \"${PODS_ROOT}/Manifest.lock\" > /dev/null\nif [ $? != 0 ] ; then\n    # print error to STDERR\n    echo \"error: The sandbox is not in sync with the Podfile.lock. Run 'pod install' or update your CocoaPods installation.\" >&2\n    exit 1\nfi\n# This output is used by Xcode 'outputs' to avoid re-running this script phase.\necho \"SUCCESS\" > \"${SCRIPT_OUTPUT_FILE_0}\"\n";
			showEnvVarsInLog = 0;
		};
/* End PBXShellScriptBuildPhase section */

/* Begin PBXSourcesBuildPhase section */
		A351DCAB196296000033E23C /* Sources */ = {
			isa = PBXSourcesBuildPhase;
			buildActionMask = 2147483647;
			files = (
				6DF7246B1E1CF80500D6BA15 /* TooltipTableViewCell.swift in Sources */,
				6DF7247F1E1D0A3700D6BA15 /* COBrandsExplanationTableViewCell.swift in Sources */,
				7240261A262ED3B900AC8673 /* JsonDialogViewController.swift in Sources */,
				6D9A63861E1BFD39001799FE /* PickerView.swift in Sources */,
				6D9A63AA1E1C0E3A001799FE /* FormRowCurrency.swift in Sources */,
				6DF7247B1E1D056400D6BA15 /* CurrencyTableViewCell.swift in Sources */,
				B4DC6A0A1E1E6E1600D9A8BA /* PaymentProductViewController.swift in Sources */,
				6D7E21751E1BF9AE007BA84B /* Label.swift in Sources */,
				6D9A63841E1BFC8A001799FE /* FormRowLabel.swift in Sources */,
				73E9DC1B1EFBB0BC00969D43 /* ExternalAppStatusViewController.swift in Sources */,
				B4DC6A0B1E1E6E1600D9A8BA /* StartViewController.swift in Sources */,
				6DF724851E1D0D7700D6BA15 /* PaymentProductInputData.swift in Sources */,
				6DF724891E1D2A2A00D6BA15 /* PaymentProductSelectionTarget.swift in Sources */,
				73B656D81F0FB6B700BBAF8D /* LogoTableViewCell.swift in Sources */,
				732012E51EF2805700A736A5 /* FormRowImage.swift in Sources */,
				6DF7247D1E1D076700D6BA15 /* CoBrandsSelectionTableViewCell.swift in Sources */,
				735209F31EE9437E009DC21F /* BancontactProductViewController.swift in Sources */,
				739878A51F175A4400A2B7A6 /* ReadonlyReviewTableViewCell.swift in Sources */,
				6DF7248B1E1D2E4500D6BA15 /* PaymentRequestTarget.swift in Sources */,
				F56177071EA6509800B75175 /* CardProductViewController.swift in Sources */,
				6D9A63B01E1C0EF2001799FE /* FormRowTooltip.swift in Sources */,
				6DF7246F1E1CFBC800D6BA15 /* PickerViewTableViewCell.swift in Sources */,
				6DF7248F1E1D2E8900D6BA15 /* ContinueShoppingTarget.swift in Sources */,
				6D9A63881E1BFD99001799FE /* FormRowList.swift in Sources */,
				6D7E21691E1BF6F1007BA84B /* PaymentProductsTableRow.swift in Sources */,
				73B656D61F0FB44A00BBAF8D /* FormRowSmallLogo.swift in Sources */,
				6DF724791E1D03A600D6BA15 /* LabelTableViewCell.swift in Sources */,
				6D9A63941E1C0563001799FE /* IntegerTextField.swift in Sources */,
				B4DC6A091E1E6E1500D9A8BA /* PaymentProductsViewController.swift in Sources */,
				73E9AB941F9DC7DB00AC1893 /* FormRowDate.swift in Sources */,
				6DEAB9651E2798E800C36908 /* EndViewController.swift in Sources */,
				6D9A63B21E1C0FAF001799FE /* FormRowCoBrandsSelection.swift in Sources */,
				739878A31F17529600A2B7A6 /* FormRowReadonlyReview.swift in Sources */,
				6D7E216F1E1BF85E007BA84B /* PaymentProductsTableSection.swift in Sources */,
				6D9A63AC1E1C0E8A001799FE /* FormRowButton.swift in Sources */,
				73E9DC1E1EFBB87600969D43 /* CheckMarkView.swift in Sources */,
				7375BBB41F161F5200AFB547 /* DetailedPickerViewTableViewCell.swift in Sources */,
				6D9A638A1E1BFE08001799FE /* Switch.swift in Sources */,
				6D9A63981E1C0BE2001799FE /* FormRowTextField.swift in Sources */,
				6DF7246D1E1CF95000D6BA15 /* PaymentProductTableViewCell.swift in Sources */,
				81BCAD2A1F06B40C000B0BCF /* FormRowSeparator.swift in Sources */,
				6DF724731E1D002200D6BA15 /* TextFieldTableViewCell.swift in Sources */,
				6D9A63921E1C044C001799FE /* TextField.swift in Sources */,
				6DF724771E1D02E700D6BA15 /* ErrorMessageTableViewCell.swift in Sources */,
				6DF724911E1D2EAA00D6BA15 /* PaymentFinishedTarget.swift in Sources */,
				6D7E21671E1BF53B007BA84B /* AppConstants.swift in Sources */,
				732012E71EF2806F00A736A5 /* FormRowQRCode.swift in Sources */,
				73B656D41F0F83BD00BBAF8D /* ArvatoProductViewController.swift in Sources */,
				81BCAD281F06B38B000B0BCF /* SeparatorView.swift in Sources */,
				73E9DC201EFBC01000969D43 /* StatusView.swift in Sources */,
				7240260E262ECD5300AC8673 /* StartPaymentParsedJsonData.swift in Sources */,
				7B3E9DA8299CD450003C1C22 /* FormRowWithProductField.swift in Sources */,
				81BCAD2C1F06BBB8000B0BCF /* SeparatorTableViewCell.swift in Sources */,
				F553D8B81EB09CC00075622C /* BoletoProductViewController.swift in Sources */,
				6D9A63961E1C0647001799FE /* FractionalTextField.swift in Sources */,
				B4DC6A0D1E1E6E1F00D9A8BA /* PaymentProductsViewControllerTarget.swift in Sources */,
				6DF724711E1CFCB900D6BA15 /* SwitchTableViewCell.swift in Sources */,
				B4DC6A0F1E1E6E8800D9A8BA /* TableSectionConverter.swift in Sources */,
				6D9A63901E1BFF5D001799FE /* SummaryTableHeaderView.swift in Sources */,
				6DF724751E1D00F200D6BA15 /* ButtonTableViewCell.swift in Sources */,
				732012E91EF285F300A736A5 /* ImageTableViewCell.swift in Sources */,
				6D3914C51E20F3C9007C8400 /* FormRowsConverter.swift in Sources */,
				F52E88931E9BDE8300546DC2 /* Button.swift in Sources */,
				6D9A63AE1E1C0EC7001799FE /* FormRowErrorMessage.swift in Sources */,
				6DF724691E1CF47100D6BA15 /* TableViewCell.swift in Sources */,
				6D7E21731E1BF939007BA84B /* FormRowWithInfoButton.swift in Sources */,
				6D9A638E1E1BFE99001799FE /* MerchantLogoImageView.swift in Sources */,
				746163FB252DE76700F733E0 /* ValidationErrorExtension.swift in Sources */,
				6D9A638C1E1BFE56001799FE /* FormRowSwitch.swift in Sources */,
				B4DC6A011E1E5A4800D9A8BA /* AppDelegate.swift in Sources */,
				6D9A63B41E1C0FD8001799FE /* FormRowCoBrandsExplanation.swift in Sources */,
				7B3E9DAC299CDCB7003C1C22 /* FormRowWithInfoButtonProductField.swift in Sources */,
				6D7E21711E1BF8CF007BA84B /* FormRow.swift in Sources */,
				6D7E216B1E1BF7DC007BA84B /* PaymentType.swift in Sources */,
				73E9AB961F9DC80000AC1893 /* DatePickerTableViewCell.swift in Sources */,
				E9BB319A152C66027E12877F /* ParseJsonTarget.swift in Sources */,
			);
			runOnlyForDeploymentPostprocessing = 0;
		};
/* End PBXSourcesBuildPhase section */

/* Begin PBXVariantGroup section */
		A363FC261AA704DF00186592 /* AppLocalizable.strings */ = {
			isa = PBXVariantGroup;
			children = (
				A363FC271AA704DF00186592 /* en */,
			);
			name = AppLocalizable.strings;
			sourceTree = "<group>";
		};
/* End PBXVariantGroup section */

/* Begin XCBuildConfiguration section */
		A351DCD9196296000033E23C /* Debug */ = {
			isa = XCBuildConfiguration;
			buildSettings = {
				ALWAYS_SEARCH_USER_PATHS = NO;
				CLANG_CXX_LANGUAGE_STANDARD = "gnu++0x";
				CLANG_CXX_LIBRARY = "libc++";
				CLANG_ENABLE_MODULES = YES;
				CLANG_ENABLE_OBJC_ARC = YES;
				CLANG_WARN_BOOL_CONVERSION = YES;
				CLANG_WARN_CONSTANT_CONVERSION = YES;
				CLANG_WARN_DIRECT_OBJC_ISA_USAGE = YES_ERROR;
				CLANG_WARN_EMPTY_BODY = YES;
				CLANG_WARN_ENUM_CONVERSION = YES;
				CLANG_WARN_INT_CONVERSION = YES;
				CLANG_WARN_OBJC_ROOT_CLASS = YES_ERROR;
				CLANG_WARN__DUPLICATE_METHOD_MATCH = YES;
				"CODE_SIGN_IDENTITY[sdk=iphoneos*]" = "iPhone Developer";
				COPY_PHASE_STRIP = NO;
				ENABLE_TESTABILITY = YES;
				GCC_C_LANGUAGE_STANDARD = gnu99;
				GCC_DYNAMIC_NO_PIC = NO;
				GCC_OPTIMIZATION_LEVEL = 0;
				GCC_PREPROCESSOR_DEFINITIONS = (
					"DEBUG=1",
					"$(inherited)",
				);
				GCC_SYMBOLS_PRIVATE_EXTERN = NO;
				GCC_WARN_64_TO_32_BIT_CONVERSION = YES;
				GCC_WARN_ABOUT_RETURN_TYPE = YES_ERROR;
				GCC_WARN_UNDECLARED_SELECTOR = YES;
				GCC_WARN_UNINITIALIZED_AUTOS = YES_AGGRESSIVE;
				GCC_WARN_UNUSED_FUNCTION = YES;
				GCC_WARN_UNUSED_VARIABLE = YES;
				IPHONEOS_DEPLOYMENT_TARGET = 10.0;
				ONLY_ACTIVE_ARCH = YES;
				PROVISIONING_PROFILE = "A0A13123-5845-42BE-A813-90ED61E2B2CF";
				SDKROOT = iphoneos;
				SWIFT_VERSION = 5.0;
				TARGETED_DEVICE_FAMILY = "1,2";
			};
			name = Debug;
		};
		A351DCDA196296000033E23C /* Release */ = {
			isa = XCBuildConfiguration;
			buildSettings = {
				ALWAYS_SEARCH_USER_PATHS = NO;
				CLANG_CXX_LANGUAGE_STANDARD = "gnu++0x";
				CLANG_CXX_LIBRARY = "libc++";
				CLANG_ENABLE_MODULES = YES;
				CLANG_ENABLE_OBJC_ARC = YES;
				CLANG_WARN_BOOL_CONVERSION = YES;
				CLANG_WARN_CONSTANT_CONVERSION = YES;
				CLANG_WARN_DIRECT_OBJC_ISA_USAGE = YES_ERROR;
				CLANG_WARN_EMPTY_BODY = YES;
				CLANG_WARN_ENUM_CONVERSION = YES;
				CLANG_WARN_INT_CONVERSION = YES;
				CLANG_WARN_OBJC_ROOT_CLASS = YES_ERROR;
				CLANG_WARN__DUPLICATE_METHOD_MATCH = YES;
				"CODE_SIGN_IDENTITY[sdk=iphoneos*]" = "iPhone Developer";
				COPY_PHASE_STRIP = YES;
				ENABLE_NS_ASSERTIONS = NO;
				GCC_C_LANGUAGE_STANDARD = gnu99;
				GCC_WARN_64_TO_32_BIT_CONVERSION = YES;
				GCC_WARN_ABOUT_RETURN_TYPE = YES_ERROR;
				GCC_WARN_UNDECLARED_SELECTOR = YES;
				GCC_WARN_UNINITIALIZED_AUTOS = YES_AGGRESSIVE;
				GCC_WARN_UNUSED_FUNCTION = YES;
				GCC_WARN_UNUSED_VARIABLE = YES;
				IPHONEOS_DEPLOYMENT_TARGET = 10.0;
				PROVISIONING_PROFILE = "A0A13123-5845-42BE-A813-90ED61E2B2CF";
				SDKROOT = iphoneos;
				SWIFT_VERSION = 5.0;
				TARGETED_DEVICE_FAMILY = "1,2";
				VALIDATE_PRODUCT = YES;
			};
			name = Release;
		};
		A351DCDC196296000033E23C /* Debug */ = {
			isa = XCBuildConfiguration;
			baseConfigurationReference = FACF56A386901B18A3F52C0C /* Pods-IngenicoConnectExample.debug.xcconfig */;
			buildSettings = {
				ASSETCATALOG_COMPILER_APPICON_NAME = AppIcon;
				ASSETCATALOG_COMPILER_LAUNCHIMAGE_NAME = LaunchImage;
				CLANG_ENABLE_MODULES = YES;
				CODE_SIGN_ENTITLEMENTS = IngenicoConnectExample/IngenicoConnectExample.entitlements;
				CODE_SIGN_IDENTITY = "iPhone Developer";
				"CODE_SIGN_IDENTITY[sdk=iphoneos*]" = "iPhone Developer";
				DEFINES_MODULE = YES;
				DEVELOPMENT_TEAM = UTWYEN5FS2;
				GCC_PRECOMPILE_PREFIX_HEADER = YES;
				GCC_PREFIX_HEADER = "";
				HEADER_SEARCH_PATHS = (
					"$(inherited)",
					/Applications/Xcode.app/Contents/Developer/Toolchains/XcodeDefault.xctoolchain/usr/include,
					"\"${SRCROOT}\"",
				);
				INFOPLIST_FILE = IngenicoConnectExample/Info.plist;
				IPHONEOS_DEPLOYMENT_TARGET = 11.0;
				LD_RUNPATH_SEARCH_PATHS = "$(inherited) @executable_path/Frameworks";
				PRODUCT_BUNDLE_IDENTIFIER = nl.ingenico.connect.SwiftExampleApp;
				PRODUCT_NAME = IngenicoConnectExample;
				PROVISIONING_PROFILE = "";
				SWIFT_OBJC_BRIDGING_HEADER = "";
				SWIFT_OPTIMIZATION_LEVEL = "-Onone";
				SWIFT_VERSION = 5.0;
				USER_HEADER_SEARCH_PATHS = "GlobalCollectSDK/**";
				WRAPPER_EXTENSION = app;
			};
			name = Debug;
		};
		A351DCDD196296000033E23C /* Release */ = {
			isa = XCBuildConfiguration;
			baseConfigurationReference = 24D3CCF705D98A48B00DB0F8 /* Pods-IngenicoConnectExample.release.xcconfig */;
			buildSettings = {
				ASSETCATALOG_COMPILER_APPICON_NAME = AppIcon;
				ASSETCATALOG_COMPILER_LAUNCHIMAGE_NAME = LaunchImage;
				CLANG_ENABLE_MODULES = YES;
				CODE_SIGN_ENTITLEMENTS = IngenicoConnectExample/IngenicoConnectExample.entitlements;
				CODE_SIGN_IDENTITY = "iPhone Developer";
				"CODE_SIGN_IDENTITY[sdk=iphoneos*]" = "iPhone Developer";
				DEFINES_MODULE = YES;
				DEVELOPMENT_TEAM = UTWYEN5FS2;
				GCC_PRECOMPILE_PREFIX_HEADER = YES;
				GCC_PREFIX_HEADER = "";
				HEADER_SEARCH_PATHS = (
					"$(inherited)",
					/Applications/Xcode.app/Contents/Developer/Toolchains/XcodeDefault.xctoolchain/usr/include,
					"\"${SRCROOT}\"",
				);
				INFOPLIST_FILE = IngenicoConnectExample/Info.plist;
				IPHONEOS_DEPLOYMENT_TARGET = 11.0;
				LD_RUNPATH_SEARCH_PATHS = "$(inherited) @executable_path/Frameworks";
				PRODUCT_BUNDLE_IDENTIFIER = nl.ingenico.connect.SwiftExampleApp;
				PRODUCT_NAME = IngenicoConnectExample;
				PROVISIONING_PROFILE = "";
				SWIFT_OBJC_BRIDGING_HEADER = "";
				SWIFT_VERSION = 5.0;
				USER_HEADER_SEARCH_PATHS = "GlobalCollectSDK/**";
				WRAPPER_EXTENSION = app;
			};
			name = Release;
		};
/* End XCBuildConfiguration section */

/* Begin XCConfigurationList section */
		A351DCAA196296000033E23C /* Build configuration list for PBXProject "IngenicoConnectExample" */ = {
			isa = XCConfigurationList;
			buildConfigurations = (
				A351DCD9196296000033E23C /* Debug */,
				A351DCDA196296000033E23C /* Release */,
			);
			defaultConfigurationIsVisible = 0;
			defaultConfigurationName = Release;
		};
		A351DCDB196296000033E23C /* Build configuration list for PBXNativeTarget "IngenicoConnectExample" */ = {
			isa = XCConfigurationList;
			buildConfigurations = (
				A351DCDC196296000033E23C /* Debug */,
				A351DCDD196296000033E23C /* Release */,
			);
			defaultConfigurationIsVisible = 0;
			defaultConfigurationName = Release;
		};
/* End XCConfigurationList section */
	};
	rootObject = A351DCA7196296000033E23C /* Project object */;
}
